
Microsoft Visual Studio Solution File, Format Version 12.00
# Visual Studio Version 16
VisualStudioVersion = 16.0.28803.202
MinimumVisualStudioVersion = 10.0.40219.1
Project("{FAE04EC0-301F-11D3-BF4B-00C04F79EFBC}") = "testCore", "testCore\testCore.csproj", "{F038B936-B374-4A6B-A313-D248B9D2A65D}"
EndProject
Global
	GlobalSection(SolutionConfigurationPlatforms) = preSolution
		Debug|Any CPU = Debug|Any CPU
		Release|Any CPU = Release|Any CPU
	EndGlobalSection
	GlobalSection(ProjectConfigurationPlatforms) = postSolution
		{F038B936-B374-4A6B-A313-D248B9D2A65D}.Debug|Any CPU.ActiveCfg = Debug|Any CPU
		{F038B936-B374-4A6B-A313-D248B9D2A65D}.Debug|Any CPU.Build.0 = Debug|Any CPU
		{F038B936-B374-4A6B-A313-D248B9D2A65D}.Release|Any CPU.ActiveCfg = Release|Any CPU
		{F038B936-B374-4A6B-A313-D248B9D2A65D}.Release|Any CPU.Build.0 = Release|Any CPU
	EndGlobalSection
	GlobalSection(SolutionProperties) = preSolution
		HideSolutionNode = FALSE
	EndGlobalSection
	GlobalSection(ExtensibilityGlobals) = postSolution
		SolutionGuid = {2D0E846E-E8C0-4112-87BC-9B693C820114}
	EndGlobalSection
EndGlobal
