
Microsoft Visual Studio Solution File, Format Version 12.00
# Visual Studio 15
VisualStudioVersion = 15.0.28307.438
MinimumVisualStudioVersion = 10.0.40219.1
Project("{FAE04EC0-301F-11D3-BF4B-00C04F79EFBC}") = "test", "test\test.csproj", "{4AB2E4AB-E69D-4AFA-A793-4EAA5589C66A}"
EndProject
Project("{FAE04EC0-301F-11D3-BF4B-00C04F79EFBC}") = "CallBackExampleTwo", "CallBackExampleTwo\CallBackExampleTwo.csproj", "{9AEC8F9B-AB10-45C4-A07D-9222A382E344}"
EndProject
Global
	GlobalSection(SolutionConfigurationPlatforms) = preSolution
		Debug|Any CPU = Debug|Any CPU
		Debug|ARM = Debug|ARM
		Debug|ARM64 = Debug|ARM64
		Debug|x64 = Debug|x64
		Debug|x86 = Debug|x86
		Release|Any CPU = Release|Any CPU
		Release|ARM = Release|ARM
		Release|ARM64 = Release|ARM64
		Release|x64 = Release|x64
		Release|x86 = Release|x86
	EndGlobalSection
	GlobalSection(ProjectConfigurationPlatforms) = postSolution
		{4AB2E4AB-E69D-4AFA-A793-4EAA5589C66A}.Debug|Any CPU.ActiveCfg = Debug|Any CPU
		{4AB2E4AB-E69D-4AFA-A793-4EAA5589C66A}.Debug|Any CPU.Build.0 = Debug|Any CPU
		{4AB2E4AB-E69D-4AFA-A793-4EAA5589C66A}.Debug|ARM.ActiveCfg = Debug|Any CPU
		{4AB2E4AB-E69D-4AFA-A793-4EAA5589C66A}.Debug|ARM.Build.0 = Debug|Any CPU
		{4AB2E4AB-E69D-4AFA-A793-4EAA5589C66A}.Debug|ARM64.ActiveCfg = Debug|Any CPU
		{4AB2E4AB-E69D-4AFA-A793-4EAA5589C66A}.Debug|ARM64.Build.0 = Debug|Any CPU
		{4AB2E4AB-E69D-4AFA-A793-4EAA5589C66A}.Debug|x64.ActiveCfg = Debug|Any CPU
		{4AB2E4AB-E69D-4AFA-A793-4EAA5589C66A}.Debug|x64.Build.0 = Debug|Any CPU
		{4AB2E4AB-E69D-4AFA-A793-4EAA5589C66A}.Debug|x86.ActiveCfg = Debug|Any CPU
		{4AB2E4AB-E69D-4AFA-A793-4EAA5589C66A}.Debug|x86.Build.0 = Debug|Any CPU
		{4AB2E4AB-E69D-4AFA-A793-4EAA5589C66A}.Release|Any CPU.ActiveCfg = Release|Any CPU
		{4AB2E4AB-E69D-4AFA-A793-4EAA5589C66A}.Release|Any CPU.Build.0 = Release|Any CPU
		{4AB2E4AB-E69D-4AFA-A793-4EAA5589C66A}.Release|ARM.ActiveCfg = Release|Any CPU
		{4AB2E4AB-E69D-4AFA-A793-4EAA5589C66A}.Release|ARM.Build.0 = Release|Any CPU
		{4AB2E4AB-E69D-4AFA-A793-4EAA5589C66A}.Release|ARM64.ActiveCfg = Release|Any CPU
		{4AB2E4AB-E69D-4AFA-A793-4EAA5589C66A}.Release|ARM64.Build.0 = Release|Any CPU
		{4AB2E4AB-E69D-4AFA-A793-4EAA5589C66A}.Release|x64.ActiveCfg = Release|Any CPU
		{4AB2E4AB-E69D-4AFA-A793-4EAA5589C66A}.Release|x64.Build.0 = Release|Any CPU
		{4AB2E4AB-E69D-4AFA-A793-4EAA5589C66A}.Release|x86.ActiveCfg = Release|Any CPU
		{4AB2E4AB-E69D-4AFA-A793-4EAA5589C66A}.Release|x86.Build.0 = Release|Any CPU
		{9AEC8F9B-AB10-45C4-A07D-9222A382E344}.Debug|Any CPU.ActiveCfg = Debug|Any CPU
		{9AEC8F9B-AB10-45C4-A07D-9222A382E344}.Debug|Any CPU.Build.0 = Debug|Any CPU
		{9AEC8F9B-AB10-45C4-A07D-9222A382E344}.Debug|ARM.ActiveCfg = Debug|Any CPU
		{9AEC8F9B-AB10-45C4-A07D-9222A382E344}.Debug|ARM.Build.0 = Debug|Any CPU
		{9AEC8F9B-AB10-45C4-A07D-9222A382E344}.Debug|ARM64.ActiveCfg = Debug|Any CPU
		{9AEC8F9B-AB10-45C4-A07D-9222A382E344}.Debug|ARM64.Build.0 = Debug|Any CPU
		{9AEC8F9B-AB10-45C4-A07D-9222A382E344}.Debug|x64.ActiveCfg = Debug|Any CPU
		{9AEC8F9B-AB10-45C4-A07D-9222A382E344}.Debug|x64.Build.0 = Debug|Any CPU
		{9AEC8F9B-AB10-45C4-A07D-9222A382E344}.Debug|x86.ActiveCfg = Debug|Any CPU
		{9AEC8F9B-AB10-45C4-A07D-9222A382E344}.Debug|x86.Build.0 = Debug|Any CPU
		{9AEC8F9B-AB10-45C4-A07D-9222A382E344}.Release|Any CPU.ActiveCfg = Release|Any CPU
		{9AEC8F9B-AB10-45C4-A07D-9222A382E344}.Release|Any CPU.Build.0 = Release|Any CPU
		{9AEC8F9B-AB10-45C4-A07D-9222A382E344}.Release|ARM.ActiveCfg = Release|Any CPU
		{9AEC8F9B-AB10-45C4-A07D-9222A382E344}.Release|ARM.Build.0 = Release|Any CPU
		{9AEC8F9B-AB10-45C4-A07D-9222A382E344}.Release|ARM64.ActiveCfg = Release|Any CPU
		{9AEC8F9B-AB10-45C4-A07D-9222A382E344}.Release|ARM64.Build.0 = Release|Any CPU
		{9AEC8F9B-AB10-45C4-A07D-9222A382E344}.Release|x64.ActiveCfg = Release|Any CPU
		{9AEC8F9B-AB10-45C4-A07D-9222A382E344}.Release|x64.Build.0 = Release|Any CPU
		{9AEC8F9B-AB10-45C4-A07D-9222A382E344}.Release|x86.ActiveCfg = Release|Any CPU
		{9AEC8F9B-AB10-45C4-A07D-9222A382E344}.Release|x86.Build.0 = Release|Any CPU
	EndGlobalSection
	GlobalSection(SolutionProperties) = preSolution
		HideSolutionNode = FALSE
	EndGlobalSection
	GlobalSection(ExtensibilityGlobals) = postSolution
		SolutionGuid = {AFF60DB1-AB66-4F9A-97D2-901848C0C31D}
	EndGlobalSection
EndGlobal
